// !$*UTF8*$!
{
	archiveVersion = 1;
	classes = {
	};
	objectVersion = 46;
	objects = {

/* Begin PBXBuildFile section */
		5228DC9A1B11096F003269CE /* main.m in Sources */ = {isa = PBXBuildFile; fileRef = 5228DC991B11096F003269CE /* main.m */; };
		5228DC9D1B11096F003269CE /* AppDelegate.m in Sources */ = {isa = PBXBuildFile; fileRef = 5228DC9C1B11096F003269CE /* AppDelegate.m */; };
		5228DCA01B11096F003269CE /* FirstViewController.m in Sources */ = {isa = PBXBuildFile; fileRef = 5228DC9F1B11096F003269CE /* FirstViewController.m */; };
		5228DCA31B11096F003269CE /* SecondViewController.m in Sources */ = {isa = PBXBuildFile; fileRef = 5228DCA21B11096F003269CE /* SecondViewController.m */; };
		5228DCA61B11096F003269CE /* Main.storyboard in Resources */ = {isa = PBXBuildFile; fileRef = 5228DCA41B11096F003269CE /* Main.storyboard */; };
		5228DCA81B11096F003269CE /* Images.xcassets in Resources */ = {isa = PBXBuildFile; fileRef = 5228DCA71B11096F003269CE /* Images.xcassets */; };
		5228DCAB1B11096F003269CE /* LaunchScreen.xib in Resources */ = {isa = PBXBuildFile; fileRef = 5228DCA91B11096F003269CE /* LaunchScreen.xib */; };
		5228DCB71B11096F003269CE /* MinderTests.m in Sources */ = {isa = PBXBuildFile; fileRef = 5228DCB61B11096F003269CE /* MinderTests.m */; };
/* End PBXBuildFile section */

/* Begin PBXContainerItemProxy section */
		5228DCB11B11096F003269CE /* PBXContainerItemProxy */ = {
			isa = PBXContainerItemProxy;
			containerPortal = 5228DC8C1B11096F003269CE /* Project object */;
			proxyType = 1;
			remoteGlobalIDString = 5228DC931B11096F003269CE;
			remoteInfo = Minder;
		};
/* End PBXContainerItemProxy section */

/* Begin PBXFileReference section */
		5228DC941B11096F003269CE /* Minder.app */ = {isa = PBXFileReference; explicitFileType = wrapper.application; includeInIndex = 0; path = Minder.app; sourceTree = BUILT_PRODUCTS_DIR; };
		5228DC981B11096F003269CE /* Info.plist */ = {isa = PBXFileReference; lastKnownFileType = text.plist.xml; path = Info.plist; sourceTree = "<group>"; };
		5228DC991B11096F003269CE /* main.m */ = {isa = PBXFileReference; lastKnownFileType = sourcecode.c.objc; path = main.m; sourceTree = "<group>"; };
		5228DC9B1B11096F003269CE /* AppDelegate.h */ = {isa = PBXFileReference; lastKnownFileType = sourcecode.c.h; path = AppDelegate.h; sourceTree = "<group>"; };
		5228DC9C1B11096F003269CE /* AppDelegate.m */ = {isa = PBXFileReference; lastKnownFileType = sourcecode.c.objc; path = AppDelegate.m; sourceTree = "<group>"; };
		5228DC9E1B11096F003269CE /* FirstViewController.h */ = {isa = PBXFileReference; lastKnownFileType = sourcecode.c.h; path = FirstViewController.h; sourceTree = "<group>"; };
		5228DC9F1B11096F003269CE /* FirstViewController.m */ = {isa = PBXFileReference; lastKnownFileType = sourcecode.c.objc; path = FirstViewController.m; sourceTree = "<group>"; };
		5228DCA11B11096F003269CE /* SecondViewController.h */ = {isa = PBXFileReference; lastKnownFileType = sourcecode.c.h; path = SecondViewController.h; sourceTree = "<group>"; };
		5228DCA21B11096F003269CE /* SecondViewController.m */ = {isa = PBXFileReference; lastKnownFileType = sourcecode.c.objc; path = SecondViewController.m; sourceTree = "<group>"; };
		5228DCA51B11096F003269CE /* Base */ = {isa = PBXFileReference; lastKnownFileType = file.storyboard; name = Base; path = Base.lproj/Main.storyboard; sourceTree = "<group>"; };
		5228DCA71B11096F003269CE /* Images.xcassets */ = {isa = PBXFileReference; lastKnownFileType = folder.assetcatalog; path = Images.xcassets; sourceTree = "<group>"; };
		5228DCAA1B11096F003269CE /* Base */ = {isa = PBXFileReference; lastKnownFileType = file.xib; name = Base; path = Base.lproj/LaunchScreen.xib; sourceTree = "<group>"; };
		5228DCB01B11096F003269CE /* MinderTests.xctest */ = {isa = PBXFileReference; explicitFileType = wrapper.cfbundle; includeInIndex = 0; path = MinderTests.xctest; sourceTree = BUILT_PRODUCTS_DIR; };
		5228DCB51B11096F003269CE /* Info.plist */ = {isa = PBXFileReference; lastKnownFileType = text.plist.xml; path = Info.plist; sourceTree = "<group>"; };
		5228DCB61B11096F003269CE /* MinderTests.m */ = {isa = PBXFileReference; lastKnownFileType = sourcecode.c.objc; path = MinderTests.m; sourceTree = "<group>"; };
/* End PBXFileReference section */

/* Begin PBXFrameworksBuildPhase section */
		5228DC911B11096F003269CE /* Frameworks */ = {
			isa = PBXFrameworksBuildPhase;
			buildActionMask = 2147483647;
			files = (
			);
			runOnlyForDeploymentPostprocessing = 0;
		};
		5228DCAD1B11096F003269CE /* Frameworks */ = {
			isa = PBXFrameworksBuildPhase;
			buildActionMask = 2147483647;
			files = (
			);
			runOnlyForDeploymentPostprocessing = 0;
		};
/* End PBXFrameworksBuildPhase section */

/* Begin PBXGroup section */
		5228DC8B1B11096F003269CE = {
			isa = PBXGroup;
			children = (
				5228DC961B11096F003269CE /* Minder */,
				5228DCB31B11096F003269CE /* MinderTests */,
				5228DC951B11096F003269CE /* Products */,
			);
			sourceTree = "<group>";
		};
		5228DC951B11096F003269CE /* Products */ = {
			isa = PBXGroup;
			children = (
				5228DC941B11096F003269CE /* Minder.app */,
				5228DCB01B11096F003269CE /* MinderTests.xctest */,
			);
			name = Products;
			sourceTree = "<group>";
		};
		5228DC961B11096F003269CE /* Minder */ = {
			isa = PBXGroup;
			children = (
				5228DC9B1B11096F003269CE /* AppDelegate.h */,
				5228DC9C1B11096F003269CE /* AppDelegate.m */,
				5228DC9E1B11096F003269CE /* FirstViewController.h */,
				5228DC9F1B11096F003269CE /* FirstViewController.m */,
				5228DCA11B11096F003269CE /* SecondViewController.h */,
				5228DCA21B11096F003269CE /* SecondViewController.m */,
				5228DCA41B11096F003269CE /* Main.storyboard */,
				5228DCA71B11096F003269CE /* Images.xcassets */,
				5228DCA91B11096F003269CE /* LaunchScreen.xib */,
				5228DC971B11096F003269CE /* Supporting Files */,
			);
			path = Minder;
			sourceTree = "<group>";
		};
		5228DC971B11096F003269CE /* Supporting Files */ = {
			isa = PBXGroup;
			children = (
				5228DC981B11096F003269CE /* Info.plist */,
				5228DC991B11096F003269CE /* main.m */,
			);
			name = "Supporting Files";
			sourceTree = "<group>";
		};
		5228DCB31B11096F003269CE /* MinderTests */ = {
			isa = PBXGroup;
			children = (
				5228DCB61B11096F003269CE /* MinderTests.m */,
				5228DCB41B11096F003269CE /* Supporting Files */,
			);
			path = MinderTests;
			sourceTree = "<group>";
		};
		5228DCB41B11096F003269CE /* Supporting Files */ = {
			isa = PBXGroup;
			children = (
				5228DCB51B11096F003269CE /* Info.plist */,
			);
			name = "Supporting Files";
			sourceTree = "<group>";
		};
/* End PBXGroup section */

/* Begin PBXNativeTarget section */
		5228DC931B11096F003269CE /* Minder */ = {
			isa = PBXNativeTarget;
			buildConfigurationList = 5228DCBA1B11096F003269CE /* Build configuration list for PBXNativeTarget "Minder" */;
			buildPhases = (
				5228DC901B11096F003269CE /* Sources */,
				5228DC911B11096F003269CE /* Frameworks */,
				5228DC921B11096F003269CE /* Resources */,
			);
			buildRules = (
			);
			dependencies = (
			);
			name = Minder;
			productName = Minder;
			productReference = 5228DC941B11096F003269CE /* Minder.app */;
			productType = "com.apple.product-type.application";
		};
		5228DCAF1B11096F003269CE /* MinderTests */ = {
			isa = PBXNativeTarget;
			buildConfigurationList = 5228DCBD1B11096F003269CE /* Build configuration list for PBXNativeTarget "MinderTests" */;
			buildPhases = (
				5228DCAC1B11096F003269CE /* Sources */,
				5228DCAD1B11096F003269CE /* Frameworks */,
				5228DCAE1B11096F003269CE /* Resources */,
			);
			buildRules = (
			);
			dependencies = (
				5228DCB21B11096F003269CE /* PBXTargetDependency */,
			);
			name = MinderTests;
			productName = MinderTests;
			productReference = 5228DCB01B11096F003269CE /* MinderTests.xctest */;
			productType = "com.apple.product-type.bundle.unit-test";
		};
/* End PBXNativeTarget section */

/* Begin PBXProject section */
		5228DC8C1B11096F003269CE /* Project object */ = {
			isa = PBXProject;
			attributes = {
				LastUpgradeCheck = 0630;
				ORGANIZATIONNAME = "Igor Budasov";
				TargetAttributes = {
					5228DC931B11096F003269CE = {
						CreatedOnToolsVersion = 6.3;
					};
					5228DCAF1B11096F003269CE = {
						CreatedOnToolsVersion = 6.3;
						TestTargetID = 5228DC931B11096F003269CE;
					};
				};
			};
			buildConfigurationList = 5228DC8F1B11096F003269CE /* Build configuration list for PBXProject "Minder" */;
			compatibilityVersion = "Xcode 3.2";
			developmentRegion = English;
			hasScannedForEncodings = 0;
			knownRegions = (
				en,
				Base,
			);
			mainGroup = 5228DC8B1B11096F003269CE;
			productRefGroup = 5228DC951B11096F003269CE /* Products */;
			projectDirPath = "";
			projectRoot = "";
			targets = (
				5228DC931B11096F003269CE /* Minder */,
				5228DCAF1B11096F003269CE /* MinderTests */,
			);
		};
/* End PBXProject section */

/* Begin PBXResourcesBuildPhase section */
		5228DC921B11096F003269CE /* Resources */ = {
			isa = PBXResourcesBuildPhase;
			buildActionMask = 2147483647;
			files = (
				5228DCA61B11096F003269CE /* Main.storyboard in Resources */,
				5228DCAB1B11096F003269CE /* LaunchScreen.xib in Resources */,
				5228DCA81B11096F003269CE /* Images.xcassets in Resources */,
			);
			runOnlyForDeploymentPostprocessing = 0;
		};
		5228DCAE1B11096F003269CE /* Resources */ = {
			isa = PBXResourcesBuildPhase;
			buildActionMask = 2147483647;
			files = (
			);
			runOnlyForDeploymentPostprocessing = 0;
		};
/* End PBXResourcesBuildPhase section */

/* Begin PBXSourcesBuildPhase section */
		5228DC901B11096F003269CE /* Sources */ = {
			isa = PBXSourcesBuildPhase;
			buildActionMask = 2147483647;
			files = (
				5228DCA31B11096F003269CE /* SecondViewController.m in Sources */,
				5228DC9D1B11096F003269CE /* AppDelegate.m in Sources */,
				5228DCA01B11096F003269CE /* FirstViewController.m in Sources */,
				5228DC9A1B11096F003269CE /* main.m in Sources */,
			);
			runOnlyForDeploymentPostprocessing = 0;
		};
		5228DCAC1B11096F003269CE /* Sources */ = {
			isa = PBXSourcesBuildPhase;
			buildActionMask = 2147483647;
			files = (
				5228DCB71B11096F003269CE /* MinderTests.m in Sources */,
			);
			runOnlyForDeploymentPostprocessing = 0;
		};
/* End PBXSourcesBuildPhase section */

/* Begin PBXTargetDependency section */
		5228DCB21B11096F003269CE /* PBXTargetDependency */ = {
			isa = PBXTargetDependency;
			target = 5228DC931B11096F003269CE /* Minder */;
			targetProxy = 5228DCB11B11096F003269CE /* PBXContainerItemProxy */;
		};
/* End PBXTargetDependency section */

/* Begin PBXVariantGroup section */
		5228DCA41B11096F003269CE /* Main.storyboard */ = {
			isa = PBXVariantGroup;
			children = (
				5228DCA51B11096F003269CE /* Base */,
			);
			name = Main.storyboard;
			sourceTree = "<group>";
		};
		5228DCA91B11096F003269CE /* LaunchScreen.xib */ = {
			isa = PBXVariantGroup;
			children = (
				5228DCAA1B11096F003269CE /* Base */,
			);
			name = LaunchScreen.xib;
			sourceTree = "<group>";
		};
/* End PBXVariantGroup section */

/* Begin XCBuildConfiguration section */
		5228DCB81B11096F003269CE /* Debug */ = {
			isa = XCBuildConfiguration;
			buildSettings = {
				ALWAYS_SEARCH_USER_PATHS = NO;
				CLANG_CXX_LANGUAGE_STANDARD = "gnu++0x";
				CLANG_CXX_LIBRARY = "libc++";
				CLANG_ENABLE_MODULES = YES;
				CLANG_ENABLE_OBJC_ARC = YES;
				CLANG_WARN_BOOL_CONVERSION = YES;
				CLANG_WARN_CONSTANT_CONVERSION = YES;
				CLANG_WARN_DIRECT_OBJC_ISA_USAGE = YES_ERROR;
				CLANG_WARN_EMPTY_BODY = YES;
				CLANG_WARN_ENUM_CONVERSION = YES;
				CLANG_WARN_INT_CONVERSION = YES;
				CLANG_WARN_OBJC_ROOT_CLASS = YES_ERROR;
				CLANG_WARN_UNREACHABLE_CODE = YES;
				CLANG_WARN__DUPLICATE_METHOD_MATCH = YES;
				"CODE_SIGN_IDENTITY[sdk=iphoneos*]" = "iPhone Developer";
				COPY_PHASE_STRIP = NO;
				DEBUG_INFORMATION_FORMAT = "dwarf-with-dsym";
				ENABLE_STRICT_OBJC_MSGSEND = YES;
				GCC_C_LANGUAGE_STANDARD = gnu99;
				GCC_DYNAMIC_NO_PIC = NO;
				GCC_NO_COMMON_BLOCKS = YES;
				GCC_OPTIMIZATION_LEVEL = 0;
				GCC_PREPROCESSOR_DEFINITIONS = (
					"DEBUG=1",
					"$(inherited)",
				);
				GCC_SYMBOLS_PRIVATE_EXTERN = NO;
				GCC_WARN_64_TO_32_BIT_CONVERSION = YES;
				GCC_WARN_ABOUT_RETURN_TYPE = YES_ERROR;
				GCC_WARN_UNDECLARED_SELECTOR = YES;
				GCC_WARN_UNINITIALIZED_AUTOS = YES_AGGRESSIVE;
				GCC_WARN_UNUSED_FUNCTION = YES;
				GCC_WARN_UNUSED_VARIABLE = YES;
				IPHONEOS_DEPLOYMENT_TARGET = 8.3;
				MTL_ENABLE_DEBUG_INFO = YES;
				ONLY_ACTIVE_ARCH = YES;
				SDKROOT = iphoneos;
			};
			name = Debug;
		};
		5228DCB91B11096F003269CE /* Release */ = {
			isa = XCBuildConfiguration;
			buildSettings = {
				ALWAYS_SEARCH_USER_PATHS = NO;
				CLANG_CXX_LANGUAGE_STANDARD = "gnu++0x";
				CLANG_CXX_LIBRARY = "libc++";
				CLANG_ENABLE_MODULES = YES;
				CLANG_ENABLE_OBJC_ARC = YES;
				CLANG_WARN_BOOL_CONVERSION = YES;
				CLANG_WARN_CONSTANT_CONVERSION = YES;
				CLANG_WARN_DIRECT_OBJC_ISA_USAGE = YES_ERROR;
				CLANG_WARN_EMPTY_BODY = YES;
				CLANG_WARN_ENUM_CONVERSION = YES;
				CLANG_WARN_INT_CONVERSION = YES;
				CLANG_WARN_OBJC_ROOT_CLASS = YES_ERROR;
				CLANG_WARN_UNREACHABLE_CODE = YES;
				CLANG_WARN__DUPLICATE_METHOD_MATCH = YES;
				"CODE_SIGN_IDENTITY[sdk=iphoneos*]" = "iPhone Developer";
				COPY_PHASE_STRIP = NO;
				DEBUG_INFORMATION_FORMAT = "dwarf-with-dsym";
				ENABLE_NS_ASSERTIONS = NO;
				ENABLE_STRICT_OBJC_MSGSEND = YES;
				GCC_C_LANGUAGE_STANDARD = gnu99;
				GCC_NO_COMMON_BLOCKS = YES;
				GCC_WARN_64_TO_32_BIT_CONVERSION = YES;
				GCC_WARN_ABOUT_RETURN_TYPE = YES_ERROR;
				GCC_WARN_UNDECLARED_SELECTOR = YES;
				GCC_WARN_UNINITIALIZED_AUTOS = YES_AGGRESSIVE;
				GCC_WARN_UNUSED_FUNCTION = YES;
				GCC_WARN_UNUSED_VARIABLE = YES;
				IPHONEOS_DEPLOYMENT_TARGET = 8.3;
				MTL_ENABLE_DEBUG_INFO = NO;
				SDKROOT = iphoneos;
				VALIDATE_PRODUCT = YES;
			};
			name = Release;
		};
		5228DCBB1B11096F003269CE /* Debug */ = {
			isa = XCBuildConfiguration;
			buildSettings = {
				ASSETCATALOG_COMPILER_APPICON_NAME = AppIcon;
				INFOPLIST_FILE = Minder/Info.plist;
				LD_RUNPATH_SEARCH_PATHS = "$(inherited) @executable_path/Frameworks";
				PRODUCT_NAME = "$(TARGET_NAME)";
			};
			name = Debug;
		};
		5228DCBC1B11096F003269CE /* Release */ = {
			isa = XCBuildConfiguration;
			buildSettings = {
				ASSETCATALOG_COMPILER_APPICON_NAME = AppIcon;
				INFOPLIST_FILE = Minder/Info.plist;
				LD_RUNPATH_SEARCH_PATHS = "$(inherited) @executable_path/Frameworks";
				PRODUCT_NAME = "$(TARGET_NAME)";
			};
			name = Release;
		};
		5228DCBE1B11096F003269CE /* Debug */ = {
			isa = XCBuildConfiguration;
			buildSettings = {
				BUNDLE_LOADER = "$(TEST_HOST)";
				FRAMEWORK_SEARCH_PATHS = (
					"$(SDKROOT)/Developer/Library/Frameworks",
					"$(inherited)",
				);
				GCC_PREPROCESSOR_DEFINITIONS = (
					"DEBUG=1",
					"$(inherited)",
				);
				INFOPLIST_FILE = MinderTests/Info.plist;
				LD_RUNPATH_SEARCH_PATHS = "$(inherited) @executable_path/Frameworks @loader_path/Frameworks";
				PRODUCT_NAME = "$(TARGET_NAME)";
				TEST_HOST = "$(BUILT_PRODUCTS_DIR)/Minder.app/Minder";
			};
			name = Debug;
		};
		5228DCBF1B11096F003269CE /* Release */ = {
			isa = XCBuildConfiguration;
			buildSettings = {
				BUNDLE_LOADER = "$(TEST_HOST)";
				FRAMEWORK_SEARCH_PATHS = (
					"$(SDKROOT)/Developer/Library/Frameworks",
					"$(inherited)",
				);
				INFOPLIST_FILE = MinderTests/Info.plist;
				LD_RUNPATH_SEARCH_PATHS = "$(inherited) @executable_path/Frameworks @loader_path/Frameworks";
				PRODUCT_NAME = "$(TARGET_NAME)";
				TEST_HOST = "$(BUILT_PRODUCTS_DIR)/Minder.app/Minder";
			};
			name = Release;
		};
/* End XCBuildConfiguration section */

/* Begin XCConfigurationList section */
		5228DC8F1B11096F003269CE /* Build configuration list for PBXProject "Minder" */ = {
			isa = XCConfigurationList;
			buildConfigurations = (
				5228DCB81B11096F003269CE /* Debug */,
				5228DCB91B11096F003269CE /* Release */,
			);
			defaultConfigurationIsVisible = 0;
			defaultConfigurationName = Release;
		};
		5228DCBA1B11096F003269CE /* Build configuration list for PBXNativeTarget "Minder" */ = {
			isa = XCConfigurationList;
			buildConfigurations = (
				5228DCBB1B11096F003269CE /* Debug */,
				5228DCBC1B11096F003269CE /* Release */,
			);
			defaultConfigurationIsVisible = 0;
		};
		5228DCBD1B11096F003269CE /* Build configuration list for PBXNativeTarget "MinderTests" */ = {
			isa = XCConfigurationList;
			buildConfigurations = (
				5228DCBE1B11096F003269CE /* Debug */,
				5228DCBF1B11096F003269CE /* Release */,
			);
			defaultConfigurationIsVisible = 0;
		};
/* End XCConfigurationList section */
	};
	rootObject = 5228DC8C1B11096F003269CE /* Project object */;
}
